// !$*UTF8*$!
{
	archiveVersion = 1;
	classes = {
	};
	objectVersion = 60;
	objects = {

/* Begin PBXFileReference section */
		7D1B76BD2C4B5DC200247F1F /* 06_Linked_List.playground */ = {isa = PBXFileReference; lastKnownFileType = file.playground; path = 06_Linked_List.playground; sourceTree = "<group>"; xcLanguageSpecificationIdentifier = xcode.lang.swift; };
		7D59D4CF2C2FD87F001C9504 /* Stacks.playground */ = {isa = PBXFileReference; lastKnownFileType = file.playground; path = Stacks.playground; sourceTree = "<group>"; xcLanguageSpecificationIdentifier = xcode.lang.swift; };
		7DD1B62D2C33482E00D99CFC /* 08 Queue.playground */ = {isa = PBXFileReference; lastKnownFileType = file.playground; path = "08 Queue.playground"; sourceTree = "<group>"; xcLanguageSpecificationIdentifier = xcode.lang.swift; };
/* End PBXFileReference section */

/* Begin PBXGroup section */
		7D59D4C72C2FD859001C9504 = {
			isa = PBXGroup;
			children = (
				7D1B76BD2C4B5DC200247F1F /* 06_Linked_List.playground */,
				7DD1B62D2C33482E00D99CFC /* 08 Queue.playground */,
				7D59D4CF2C2FD87F001C9504 /* Stacks.playground */,
			);
			sourceTree = "<group>";
		};
/* End PBXGroup section */

/* Begin PBXProject section */
		7D59D4C82C2FD859001C9504 /* Project object */ = {
			isa = PBXProject;
			attributes = {
				BuildIndependentTargetsInParallel = 1;
				LastUpgradeCheck = 1600;
			};
			buildConfigurationList = 7D59D4CB2C2FD859001C9504 /* Build configuration list for PBXProject "DSA in Swift" */;
			compatibilityVersion = "Xcode 15.0";
			developmentRegion = en;
			hasScannedForEncodings = 0;
			knownRegions = (
				en,
				Base,
			);
			mainGroup = 7D59D4C72C2FD859001C9504;
			projectDirPath = "";
			projectRoot = "";
			targets = (
			);
		};
/* End PBXProject section */

/* Begin XCBuildConfiguration section */
		7D59D4CC2C2FD859001C9504 /* Debug */ = {
			isa = XCBuildConfiguration;
			buildSettings = {
			};
			name = Debug;
		};
		7D59D4CD2C2FD859001C9504 /* Release */ = {
			isa = XCBuildConfiguration;
			buildSettings = {
			};
			name = Release;
		};
/* End XCBuildConfiguration section */

/* Begin XCConfigurationList section */
		7D59D4CB2C2FD859001C9504 /* Build configuration list for PBXProject "DSA in Swift" */ = {
			isa = XCConfigurationList;
			buildConfigurations = (
				7D59D4CC2C2FD859001C9504 /* Debug */,
				7D59D4CD2C2FD859001C9504 /* Release */,
			);
			defaultConfigurationIsVisible = 0;
			defaultConfigurationName = Release;
		};
/* End XCConfigurationList section */
	};
	rootObject = 7D59D4C82C2FD859001C9504 /* Project object */;
}
